
Microsoft Visual Studio Solution File, Format Version 12.00
# Visual Studio Version 17
VisualStudioVersion = 17.12.35707.178 d17.12
MinimumVisualStudioVersion = 10.0.40219.1
Project("{FAE04EC0-301F-11D3-BF4B-00C04F79EFBC}") = "maratona02.2", "maratona02.2.csproj", "{AADC45F6-8665-4B8E-9360-75B7DDBE645B}"
EndProject
Global
	GlobalSection(SolutionConfigurationPlatforms) = preSolution
		Debug|Any CPU = Debug|Any CPU
		Release|Any CPU = Release|Any CPU
	EndGlobalSection
	GlobalSection(ProjectConfigurationPlatforms) = postSolution
		{AADC45F6-8665-4B8E-9360-75B7DDBE645B}.Debug|Any CPU.ActiveCfg = Debug|Any CPU
		{AADC45F6-8665-4B8E-9360-75B7DDBE645B}.Debug|Any CPU.Build.0 = Debug|Any CPU
		{AADC45F6-8665-4B8E-9360-75B7DDBE645B}.Release|Any CPU.ActiveCfg = Release|Any CPU
		{AADC45F6-8665-4B8E-9360-75B7DDBE645B}.Release|Any CPU.Build.0 = Release|Any CPU
	EndGlobalSection
	GlobalSection(SolutionProperties) = preSolution
		HideSolutionNode = FALSE
	EndGlobalSection
EndGlobal
